// !$*UTF8*$!
{
	archiveVersion = 1;
	classes = {
	};
	objectVersion = 48;
	objects = {

/* Begin PBXBuildFile section */
		7276A2CB1F452ABD00546586 /* Interface.storyboard in Resources */ = {isa = PBXBuildFile; fileRef = 7276A2C91F452ABD00546586 /* Interface.storyboard */; };
		7276A2CD1F452ABD00546586 /* Assets.xcassets in Resources */ = {isa = PBXBuildFile; fileRef = 7276A2CC1F452ABD00546586 /* Assets.xcassets */; };
		7276A2D41F452ABD00546586 /* wa2 Extension.appex in Embed App Extensions */ = {isa = PBXBuildFile; fileRef = 7276A2D31F452ABD00546586 /* wa2 Extension.appex */; settings = {ATTRIBUTES = (RemoveHeadersOnCopy, ); }; };
		7276A2DA1F452ABD00546586 /* InterfaceController.m in Sources */ = {isa = PBXBuildFile; fileRef = 7276A2D91F452ABD00546586 /* InterfaceController.m */; };
		7276A2DD1F452ABD00546586 /* ExtensionDelegate.m in Sources */ = {isa = PBXBuildFile; fileRef = 7276A2DC1F452ABD00546586 /* ExtensionDelegate.m */; };
		7276A2E01F452ABD00546586 /* NotificationController.m in Sources */ = {isa = PBXBuildFile; fileRef = 7276A2DF1F452ABD00546586 /* NotificationController.m */; };
		7276A2E21F452ABD00546586 /* Assets.xcassets in Resources */ = {isa = PBXBuildFile; fileRef = 7276A2E11F452ABD00546586 /* Assets.xcassets */; };
		7276A2E71F452ABD00546586 /* wa2.app in Embed Watch Content */ = {isa = PBXBuildFile; fileRef = 7276A2C71F452ABD00546586 /* wa2.app */; };
		72B0F9791F3E379400B009C3 /* AppDelegate.m in Sources */ = {isa = PBXBuildFile; fileRef = 72B0F9781F3E379400B009C3 /* AppDelegate.m */; };
		72B0F97C1F3E379400B009C3 /* MasterViewController.m in Sources */ = {isa = PBXBuildFile; fileRef = 72B0F97B1F3E379400B009C3 /* MasterViewController.m */; };
		72B0F97F1F3E379400B009C3 /* DetailViewController.m in Sources */ = {isa = PBXBuildFile; fileRef = 72B0F97E1F3E379400B009C3 /* DetailViewController.m */; };
		72B0F9821F3E379400B009C3 /* Main.storyboard in Resources */ = {isa = PBXBuildFile; fileRef = 72B0F9801F3E379400B009C3 /* Main.storyboard */; };
		72B0F9841F3E379400B009C3 /* Assets.xcassets in Resources */ = {isa = PBXBuildFile; fileRef = 72B0F9831F3E379400B009C3 /* Assets.xcassets */; };
		72B0F9871F3E379400B009C3 /* LaunchScreen.storyboard in Resources */ = {isa = PBXBuildFile; fileRef = 72B0F9851F3E379400B009C3 /* LaunchScreen.storyboard */; };
		72B0F98A1F3E379400B009C3 /* main.m in Sources */ = {isa = PBXBuildFile; fileRef = 72B0F9891F3E379400B009C3 /* main.m */; };
		72B0F9941F3E379500B009C3 /* SWTests.m in Sources */ = {isa = PBXBuildFile; fileRef = 72B0F9931F3E379500B009C3 /* SWTests.m */; };
		72B0F99F1F3E379500B009C3 /* SWUITests.m in Sources */ = {isa = PBXBuildFile; fileRef = 72B0F99E1F3E379500B009C3 /* SWUITests.m */; };
/* End PBXBuildFile section */

/* Begin PBXContainerItemProxy section */
		7276A2D51F452ABD00546586 /* PBXContainerItemProxy */ = {
			isa = PBXContainerItemProxy;
			containerPortal = 72B0F96C1F3E379400B009C3 /* Project object */;
			proxyType = 1;
			remoteGlobalIDString = 7276A2D21F452ABD00546586;
			remoteInfo = "wa2 Extension";
		};
		7276A2E51F452ABD00546586 /* PBXContainerItemProxy */ = {
			isa = PBXContainerItemProxy;
			containerPortal = 72B0F96C1F3E379400B009C3 /* Project object */;
			proxyType = 1;
			remoteGlobalIDString = 7276A2C61F452ABD00546586;
			remoteInfo = wa2;
		};
		72B0F9901F3E379500B009C3 /* PBXContainerItemProxy */ = {
			isa = PBXContainerItemProxy;
			containerPortal = 72B0F96C1F3E379400B009C3 /* Project object */;
			proxyType = 1;
			remoteGlobalIDString = 72B0F9731F3E379400B009C3;
			remoteInfo = SW;
		};
		72B0F99B1F3E379500B009C3 /* PBXContainerItemProxy */ = {
			isa = PBXContainerItemProxy;
			containerPortal = 72B0F96C1F3E379400B009C3 /* Project object */;
			proxyType = 1;
			remoteGlobalIDString = 72B0F9731F3E379400B009C3;
			remoteInfo = SW;
		};
/* End PBXContainerItemProxy section */

/* Begin PBXCopyFilesBuildPhase section */
		7276A2ED1F452ABD00546586 /* Embed App Extensions */ = {
			isa = PBXCopyFilesBuildPhase;
			buildActionMask = 2147483647;
			dstPath = "";
			dstSubfolderSpec = 13;
			files = (
				7276A2D41F452ABD00546586 /* wa2 Extension.appex in Embed App Extensions */,
			);
			name = "Embed App Extensions";
			runOnlyForDeploymentPostprocessing = 0;
		};
		7276A2EF1F452ABD00546586 /* Embed Watch Content */ = {
			isa = PBXCopyFilesBuildPhase;
			buildActionMask = 2147483647;
			dstPath = "$(CONTENTS_FOLDER_PATH)/Watch";
			dstSubfolderSpec = 16;
			files = (
				7276A2E71F452ABD00546586 /* wa2.app in Embed Watch Content */,
			);
			name = "Embed Watch Content";
			runOnlyForDeploymentPostprocessing = 0;
		};
/* End PBXCopyFilesBuildPhase section */

/* Begin PBXFileReference section */
		7276A2C71F452ABD00546586 /* wa2.app */ = {isa = PBXFileReference; explicitFileType = wrapper.application; includeInIndex = 0; path = wa2.app; sourceTree = BUILT_PRODUCTS_DIR; };
		7276A2CA1F452ABD00546586 /* Base */ = {isa = PBXFileReference; lastKnownFileType = file.storyboard; name = Base; path = Base.lproj/Interface.storyboard; sourceTree = "<group>"; };
		7276A2CC1F452ABD00546586 /* Assets.xcassets */ = {isa = PBXFileReference; lastKnownFileType = folder.assetcatalog; path = Assets.xcassets; sourceTree = "<group>"; };
		7276A2CE1F452ABD00546586 /* Info.plist */ = {isa = PBXFileReference; lastKnownFileType = text.plist.xml; path = Info.plist; sourceTree = "<group>"; };
		7276A2D31F452ABD00546586 /* wa2 Extension.appex */ = {isa = PBXFileReference; explicitFileType = "wrapper.app-extension"; includeInIndex = 0; path = "wa2 Extension.appex"; sourceTree = BUILT_PRODUCTS_DIR; };
		7276A2D81F452ABD00546586 /* InterfaceController.h */ = {isa = PBXFileReference; lastKnownFileType = sourcecode.c.h; path = InterfaceController.h; sourceTree = "<group>"; };
		7276A2D91F452ABD00546586 /* InterfaceController.m */ = {isa = PBXFileReference; lastKnownFileType = sourcecode.c.objc; path = InterfaceController.m; sourceTree = "<group>"; };
		7276A2DB1F452ABD00546586 /* ExtensionDelegate.h */ = {isa = PBXFileReference; lastKnownFileType = sourcecode.c.h; path = ExtensionDelegate.h; sourceTree = "<group>"; };
		7276A2DC1F452ABD00546586 /* ExtensionDelegate.m */ = {isa = PBXFileReference; lastKnownFileType = sourcecode.c.objc; path = ExtensionDelegate.m; sourceTree = "<group>"; };
		7276A2DE1F452ABD00546586 /* NotificationController.h */ = {isa = PBXFileReference; lastKnownFileType = sourcecode.c.h; path = NotificationController.h; sourceTree = "<group>"; };
		7276A2DF1F452ABD00546586 /* NotificationController.m */ = {isa = PBXFileReference; lastKnownFileType = sourcecode.c.objc; path = NotificationController.m; sourceTree = "<group>"; };
		7276A2E11F452ABD00546586 /* Assets.xcassets */ = {isa = PBXFileReference; lastKnownFileType = folder.assetcatalog; path = Assets.xcassets; sourceTree = "<group>"; };
		7276A2E31F452ABD00546586 /* Info.plist */ = {isa = PBXFileReference; lastKnownFileType = text.plist.xml; path = Info.plist; sourceTree = "<group>"; };
		7276A2E41F452ABD00546586 /* PushNotificationPayload.apns */ = {isa = PBXFileReference; lastKnownFileType = text; path = PushNotificationPayload.apns; sourceTree = "<group>"; };
		72B0F9741F3E379400B009C3 /* SW.app */ = {isa = PBXFileReference; explicitFileType = wrapper.application; includeInIndex = 0; path = SW.app; sourceTree = BUILT_PRODUCTS_DIR; };
		72B0F9771F3E379400B009C3 /* AppDelegate.h */ = {isa = PBXFileReference; lastKnownFileType = sourcecode.c.h; path = AppDelegate.h; sourceTree = "<group>"; };
		72B0F9781F3E379400B009C3 /* AppDelegate.m */ = {isa = PBXFileReference; lastKnownFileType = sourcecode.c.objc; path = AppDelegate.m; sourceTree = "<group>"; };
		72B0F97A1F3E379400B009C3 /* MasterViewController.h */ = {isa = PBXFileReference; lastKnownFileType = sourcecode.c.h; path = MasterViewController.h; sourceTree = "<group>"; };
		72B0F97B1F3E379400B009C3 /* MasterViewController.m */ = {isa = PBXFileReference; lastKnownFileType = sourcecode.c.objc; path = MasterViewController.m; sourceTree = "<group>"; };
		72B0F97D1F3E379400B009C3 /* DetailViewController.h */ = {isa = PBXFileReference; lastKnownFileType = sourcecode.c.h; path = DetailViewController.h; sourceTree = "<group>"; };
		72B0F97E1F3E379400B009C3 /* DetailViewController.m */ = {isa = PBXFileReference; lastKnownFileType = sourcecode.c.objc; path = DetailViewController.m; sourceTree = "<group>"; };
		72B0F9811F3E379400B009C3 /* Base */ = {isa = PBXFileReference; lastKnownFileType = file.storyboard; name = Base; path = Base.lproj/Main.storyboard; sourceTree = "<group>"; };
		72B0F9831F3E379400B009C3 /* Assets.xcassets */ = {isa = PBXFileReference; lastKnownFileType = folder.assetcatalog; path = Assets.xcassets; sourceTree = "<group>"; };
		72B0F9861F3E379400B009C3 /* Base */ = {isa = PBXFileReference; lastKnownFileType = file.storyboard; name = Base; path = Base.lproj/LaunchScreen.storyboard; sourceTree = "<group>"; };
		72B0F9881F3E379400B009C3 /* Info.plist */ = {isa = PBXFileReference; lastKnownFileType = text.plist.xml; path = Info.plist; sourceTree = "<group>"; };
		72B0F9891F3E379400B009C3 /* main.m */ = {isa = PBXFileReference; lastKnownFileType = sourcecode.c.objc; path = main.m; sourceTree = "<group>"; };
		72B0F98F1F3E379500B009C3 /* SWTests.xctest */ = {isa = PBXFileReference; explicitFileType = wrapper.cfbundle; includeInIndex = 0; path = SWTests.xctest; sourceTree = BUILT_PRODUCTS_DIR; };
		72B0F9931F3E379500B009C3 /* SWTests.m */ = {isa = PBXFileReference; lastKnownFileType = sourcecode.c.objc; path = SWTests.m; sourceTree = "<group>"; };
		72B0F9951F3E379500B009C3 /* Info.plist */ = {isa = PBXFileReference; lastKnownFileType = text.plist.xml; path = Info.plist; sourceTree = "<group>"; };
		72B0F99A1F3E379500B009C3 /* SWUITests.xctest */ = {isa = PBXFileReference; explicitFileType = wrapper.cfbundle; includeInIndex = 0; path = SWUITests.xctest; sourceTree = BUILT_PRODUCTS_DIR; };
		72B0F99E1F3E379500B009C3 /* SWUITests.m */ = {isa = PBXFileReference; lastKnownFileType = sourcecode.c.objc; path = SWUITests.m; sourceTree = "<group>"; };
		72B0F9A01F3E379500B009C3 /* Info.plist */ = {isa = PBXFileReference; lastKnownFileType = text.plist.xml; path = Info.plist; sourceTree = "<group>"; };
/* End PBXFileReference section */

/* Begin PBXFrameworksBuildPhase section */
		7276A2D01F452ABD00546586 /* Frameworks */ = {
			isa = PBXFrameworksBuildPhase;
			buildActionMask = 2147483647;
			files = (
			);
			runOnlyForDeploymentPostprocessing = 0;
		};
		72B0F9711F3E379400B009C3 /* Frameworks */ = {
			isa = PBXFrameworksBuildPhase;
			buildActionMask = 2147483647;
			files = (
			);
			runOnlyForDeploymentPostprocessing = 0;
		};
		72B0F98C1F3E379500B009C3 /* Frameworks */ = {
			isa = PBXFrameworksBuildPhase;
			buildActionMask = 2147483647;
			files = (
			);
			runOnlyForDeploymentPostprocessing = 0;
		};
		72B0F9971F3E379500B009C3 /* Frameworks */ = {
			isa = PBXFrameworksBuildPhase;
			buildActionMask = 2147483647;
			files = (
			);
			runOnlyForDeploymentPostprocessing = 0;
		};
/* End PBXFrameworksBuildPhase section */

/* Begin PBXGroup section */
		7276A2C81F452ABD00546586 /* wa2 */ = {
			isa = PBXGroup;
			children = (
				7276A2C91F452ABD00546586 /* Interface.storyboard */,
				7276A2CC1F452ABD00546586 /* Assets.xcassets */,
				7276A2CE1F452ABD00546586 /* Info.plist */,
			);
			path = wa2;
			sourceTree = "<group>";
		};
		7276A2D71F452ABD00546586 /* wa2 Extension */ = {
			isa = PBXGroup;
			children = (
				7276A2D81F452ABD00546586 /* InterfaceController.h */,
				7276A2D91F452ABD00546586 /* InterfaceController.m */,
				7276A2DB1F452ABD00546586 /* ExtensionDelegate.h */,
				7276A2DC1F452ABD00546586 /* ExtensionDelegate.m */,
				7276A2DE1F452ABD00546586 /* NotificationController.h */,
				7276A2DF1F452ABD00546586 /* NotificationController.m */,
				7276A2E11F452ABD00546586 /* Assets.xcassets */,
				7276A2E31F452ABD00546586 /* Info.plist */,
				7276A2E41F452ABD00546586 /* PushNotificationPayload.apns */,
			);
			path = "wa2 Extension";
			sourceTree = "<group>";
		};
		72B0F96B1F3E379400B009C3 = {
			isa = PBXGroup;
			children = (
				72B0F9761F3E379400B009C3 /* SW */,
				72B0F9921F3E379500B009C3 /* SWTests */,
				72B0F99D1F3E379500B009C3 /* SWUITests */,
				7276A2C81F452ABD00546586 /* wa2 */,
				7276A2D71F452ABD00546586 /* wa2 Extension */,
				72B0F9751F3E379400B009C3 /* Products */,
			);
			sourceTree = "<group>";
		};
		72B0F9751F3E379400B009C3 /* Products */ = {
			isa = PBXGroup;
			children = (
				72B0F9741F3E379400B009C3 /* SW.app */,
				72B0F98F1F3E379500B009C3 /* SWTests.xctest */,
				72B0F99A1F3E379500B009C3 /* SWUITests.xctest */,
				7276A2C71F452ABD00546586 /* wa2.app */,
				7276A2D31F452ABD00546586 /* wa2 Extension.appex */,
			);
			name = Products;
			sourceTree = "<group>";
		};
		72B0F9761F3E379400B009C3 /* SW */ = {
			isa = PBXGroup;
			children = (
				72B0F9771F3E379400B009C3 /* AppDelegate.h */,
				72B0F9781F3E379400B009C3 /* AppDelegate.m */,
				72B0F97A1F3E379400B009C3 /* MasterViewController.h */,
				72B0F97B1F3E379400B009C3 /* MasterViewController.m */,
				72B0F97D1F3E379400B009C3 /* DetailViewController.h */,
				72B0F97E1F3E379400B009C3 /* DetailViewController.m */,
				72B0F9801F3E379400B009C3 /* Main.storyboard */,
				72B0F9831F3E379400B009C3 /* Assets.xcassets */,
				72B0F9851F3E379400B009C3 /* LaunchScreen.storyboard */,
				72B0F9881F3E379400B009C3 /* Info.plist */,
				72B0F9891F3E379400B009C3 /* main.m */,
			);
			path = SW;
			sourceTree = "<group>";
		};
		72B0F9921F3E379500B009C3 /* SWTests */ = {
			isa = PBXGroup;
			children = (
				72B0F9931F3E379500B009C3 /* SWTests.m */,
				72B0F9951F3E379500B009C3 /* Info.plist */,
			);
			path = SWTests;
			sourceTree = "<group>";
		};
		72B0F99D1F3E379500B009C3 /* SWUITests */ = {
			isa = PBXGroup;
			children = (
				72B0F99E1F3E379500B009C3 /* SWUITests.m */,
				72B0F9A01F3E379500B009C3 /* Info.plist */,
			);
			path = SWUITests;
			sourceTree = "<group>";
		};
/* End PBXGroup section */

/* Begin PBXNativeTarget section */
		7276A2C61F452ABD00546586 /* wa2 */ = {
			isa = PBXNativeTarget;
			buildConfigurationList = 7276A2EE1F452ABD00546586 /* Build configuration list for PBXNativeTarget "wa2" */;
			buildPhases = (
				7276A2C51F452ABD00546586 /* Resources */,
				7276A2ED1F452ABD00546586 /* Embed App Extensions */,
			);
			buildRules = (
			);
			dependencies = (
				7276A2D61F452ABD00546586 /* PBXTargetDependency */,
			);
			name = wa2;
			productName = wa2;
			productReference = 7276A2C71F452ABD00546586 /* wa2.app */;
			productType = "com.apple.product-type.application.watchapp2";
		};
		7276A2D21F452ABD00546586 /* wa2 Extension */ = {
			isa = PBXNativeTarget;
			buildConfigurationList = 7276A2EC1F452ABD00546586 /* Build configuration list for PBXNativeTarget "wa2 Extension" */;
			buildPhases = (
				7276A2CF1F452ABD00546586 /* Sources */,
				7276A2D01F452ABD00546586 /* Frameworks */,
				7276A2D11F452ABD00546586 /* Resources */,
			);
			buildRules = (
			);
			dependencies = (
			);
			name = "wa2 Extension";
			productName = "wa2 Extension";
			productReference = 7276A2D31F452ABD00546586 /* wa2 Extension.appex */;
			productType = "com.apple.product-type.watchkit2-extension";
		};
		72B0F9731F3E379400B009C3 /* SW */ = {
			isa = PBXNativeTarget;
			buildConfigurationList = 72B0F9A31F3E379500B009C3 /* Build configuration list for PBXNativeTarget "SW" */;
			buildPhases = (
				72B0F9701F3E379400B009C3 /* Sources */,
				72B0F9711F3E379400B009C3 /* Frameworks */,
				72B0F9721F3E379400B009C3 /* Resources */,
				7276A2EF1F452ABD00546586 /* Embed Watch Content */,
			);
			buildRules = (
			);
			dependencies = (
				7276A2E61F452ABD00546586 /* PBXTargetDependency */,
			);
			name = SW;
			productName = SW;
			productReference = 72B0F9741F3E379400B009C3 /* SW.app */;
			productType = "com.apple.product-type.application";
		};
		72B0F98E1F3E379500B009C3 /* SWTests */ = {
			isa = PBXNativeTarget;
			buildConfigurationList = 72B0F9A61F3E379500B009C3 /* Build configuration list for PBXNativeTarget "SWTests" */;
			buildPhases = (
				72B0F98B1F3E379500B009C3 /* Sources */,
				72B0F98C1F3E379500B009C3 /* Frameworks */,
				72B0F98D1F3E379500B009C3 /* Resources */,
			);
			buildRules = (
			);
			dependencies = (
				72B0F9911F3E379500B009C3 /* PBXTargetDependency */,
			);
			name = SWTests;
			productName = SWTests;
			productReference = 72B0F98F1F3E379500B009C3 /* SWTests.xctest */;
			productType = "com.apple.product-type.bundle.unit-test";
		};
		72B0F9991F3E379500B009C3 /* SWUITests */ = {
			isa = PBXNativeTarget;
			buildConfigurationList = 72B0F9A91F3E379500B009C3 /* Build configuration list for PBXNativeTarget "SWUITests" */;
			buildPhases = (
				72B0F9961F3E379500B009C3 /* Sources */,
				72B0F9971F3E379500B009C3 /* Frameworks */,
				72B0F9981F3E379500B009C3 /* Resources */,
			);
			buildRules = (
			);
			dependencies = (
				72B0F99C1F3E379500B009C3 /* PBXTargetDependency */,
			);
			name = SWUITests;
			productName = SWUITests;
			productReference = 72B0F99A1F3E379500B009C3 /* SWUITests.xctest */;
			productType = "com.apple.product-type.bundle.ui-testing";
		};
/* End PBXNativeTarget section */

/* Begin PBXProject section */
		72B0F96C1F3E379400B009C3 /* Project object */ = {
			isa = PBXProject;
			attributes = {
				LastUpgradeCheck = 0900;
				ORGANIZATIONNAME = local;
				TargetAttributes = {
					7276A2C61F452ABD00546586 = {
						CreatedOnToolsVersion = 9.0;
						ProvisioningStyle = Automatic;
					};
					7276A2D21F452ABD00546586 = {
						CreatedOnToolsVersion = 9.0;
						ProvisioningStyle = Automatic;
					};
					72B0F9731F3E379400B009C3 = {
						CreatedOnToolsVersion = 9.0;
						ProvisioningStyle = Automatic;
					};
					72B0F98E1F3E379500B009C3 = {
						CreatedOnToolsVersion = 9.0;
						ProvisioningStyle = Automatic;
						TestTargetID = 72B0F9731F3E379400B009C3;
					};
					72B0F9991F3E379500B009C3 = {
						CreatedOnToolsVersion = 9.0;
						ProvisioningStyle = Automatic;
						TestTargetID = 72B0F9731F3E379400B009C3;
					};
				};
			};
			buildConfigurationList = 72B0F96F1F3E379400B009C3 /* Build configuration list for PBXProject "SW" */;
			compatibilityVersion = "Xcode 8.0";
			developmentRegion = en;
			hasScannedForEncodings = 0;
			knownRegions = (
				en,
				Base,
			);
			mainGroup = 72B0F96B1F3E379400B009C3;
			productRefGroup = 72B0F9751F3E379400B009C3 /* Products */;
			projectDirPath = "";
			projectRoot = "";
			targets = (
				72B0F9731F3E379400B009C3 /* SW */,
				72B0F98E1F3E379500B009C3 /* SWTests */,
				72B0F9991F3E379500B009C3 /* SWUITests */,
				7276A2C61F452ABD00546586 /* wa2 */,
				7276A2D21F452ABD00546586 /* wa2 Extension */,
			);
		};
/* End PBXProject section */

/* Begin PBXResourcesBuildPhase section */
		7276A2C51F452ABD00546586 /* Resources */ = {
			isa = PBXResourcesBuildPhase;
			buildActionMask = 2147483647;
			files = (
				7276A2CD1F452ABD00546586 /* Assets.xcassets in Resources */,
				7276A2CB1F452ABD00546586 /* Interface.storyboard in Resources */,
			);
			runOnlyForDeploymentPostprocessing = 0;
		};
		7276A2D11F452ABD00546586 /* Resources */ = {
			isa = PBXResourcesBuildPhase;
			buildActionMask = 2147483647;
			files = (
				7276A2E21F452ABD00546586 /* Assets.xcassets in Resources */,
			);
			runOnlyForDeploymentPostprocessing = 0;
		};
		72B0F9721F3E379400B009C3 /* Resources */ = {
			isa = PBXResourcesBuildPhase;
			buildActionMask = 2147483647;
			files = (
				72B0F9871F3E379400B009C3 /* LaunchScreen.storyboard in Resources */,
				72B0F9841F3E379400B009C3 /* Assets.xcassets in Resources */,
				72B0F9821F3E379400B009C3 /* Main.storyboard in Resources */,
			);
			runOnlyForDeploymentPostprocessing = 0;
		};
		72B0F98D1F3E379500B009C3 /* Resources */ = {
			isa = PBXResourcesBuildPhase;
			buildActionMask = 2147483647;
			files = (
			);
			runOnlyForDeploymentPostprocessing = 0;
		};
		72B0F9981F3E379500B009C3 /* Resources */ = {
			isa = PBXResourcesBuildPhase;
			buildActionMask = 2147483647;
			files = (
			);
			runOnlyForDeploymentPostprocessing = 0;
		};
/* End PBXResourcesBuildPhase section */

/* Begin PBXSourcesBuildPhase section */
		7276A2CF1F452ABD00546586 /* Sources */ = {
			isa = PBXSourcesBuildPhase;
			buildActionMask = 2147483647;
			files = (
				7276A2DD1F452ABD00546586 /* ExtensionDelegate.m in Sources */,
				7276A2DA1F452ABD00546586 /* InterfaceController.m in Sources */,
				7276A2E01F452ABD00546586 /* NotificationController.m in Sources */,
			);
			runOnlyForDeploymentPostprocessing = 0;
		};
		72B0F9701F3E379400B009C3 /* Sources */ = {
			isa = PBXSourcesBuildPhase;
			buildActionMask = 2147483647;
			files = (
				72B0F97C1F3E379400B009C3 /* MasterViewController.m in Sources */,
				72B0F9791F3E379400B009C3 /* AppDelegate.m in Sources */,
				72B0F98A1F3E379400B009C3 /* main.m in Sources */,
				72B0F97F1F3E379400B009C3 /* DetailViewController.m in Sources */,
			);
			runOnlyForDeploymentPostprocessing = 0;
		};
		72B0F98B1F3E379500B009C3 /* Sources */ = {
			isa = PBXSourcesBuildPhase;
			buildActionMask = 2147483647;
			files = (
				72B0F9941F3E379500B009C3 /* SWTests.m in Sources */,
			);
			runOnlyForDeploymentPostprocessing = 0;
		};
		72B0F9961F3E379500B009C3 /* Sources */ = {
			isa = PBXSourcesBuildPhase;
			buildActionMask = 2147483647;
			files = (
				72B0F99F1F3E379500B009C3 /* SWUITests.m in Sources */,
			);
			runOnlyForDeploymentPostprocessing = 0;
		};
/* End PBXSourcesBuildPhase section */

/* Begin PBXTargetDependency section */
		7276A2D61F452ABD00546586 /* PBXTargetDependency */ = {
			isa = PBXTargetDependency;
			target = 7276A2D21F452ABD00546586 /* wa2 Extension */;
			targetProxy = 7276A2D51F452ABD00546586 /* PBXContainerItemProxy */;
		};
		7276A2E61F452ABD00546586 /* PBXTargetDependency */ = {
			isa = PBXTargetDependency;
			target = 7276A2C61F452ABD00546586 /* wa2 */;
			targetProxy = 7276A2E51F452ABD00546586 /* PBXContainerItemProxy */;
		};
		72B0F9911F3E379500B009C3 /* PBXTargetDependency */ = {
			isa = PBXTargetDependency;
			target = 72B0F9731F3E379400B009C3 /* SW */;
			targetProxy = 72B0F9901F3E379500B009C3 /* PBXContainerItemProxy */;
		};
		72B0F99C1F3E379500B009C3 /* PBXTargetDependency */ = {
			isa = PBXTargetDependency;
			target = 72B0F9731F3E379400B009C3 /* SW */;
			targetProxy = 72B0F99B1F3E379500B009C3 /* PBXContainerItemProxy */;
		};
/* End PBXTargetDependency section */

/* Begin PBXVariantGroup section */
		7276A2C91F452ABD00546586 /* Interface.storyboard */ = {
			isa = PBXVariantGroup;
			children = (
				7276A2CA1F452ABD00546586 /* Base */,
			);
			name = Interface.storyboard;
			sourceTree = "<group>";
		};
		72B0F9801F3E379400B009C3 /* Main.storyboard */ = {
			isa = PBXVariantGroup;
			children = (
				72B0F9811F3E379400B009C3 /* Base */,
			);
			name = Main.storyboard;
			sourceTree = "<group>";
		};
		72B0F9851F3E379400B009C3 /* LaunchScreen.storyboard */ = {
			isa = PBXVariantGroup;
			children = (
				72B0F9861F3E379400B009C3 /* Base */,
			);
			name = LaunchScreen.storyboard;
			sourceTree = "<group>";
		};
/* End PBXVariantGroup section */

/* Begin XCBuildConfiguration section */
		7276A2E81F452ABD00546586 /* Debug */ = {
			isa = XCBuildConfiguration;
			buildSettings = {
				ASSETCATALOG_COMPILER_APPICON_NAME = AppIcon;
				CODE_SIGN_STYLE = Automatic;
				IBSC_MODULE = wa2_Extension;
				INFOPLIST_FILE = wa2/Info.plist;
				PRODUCT_BUNDLE_IDENTIFIER = testLisa.HLT.SW.watchkitapp;
				PRODUCT_NAME = "$(TARGET_NAME)";
				SDKROOT = watchos;
				SKIP_INSTALL = YES;
				TARGETED_DEVICE_FAMILY = 4;
				WATCHOS_DEPLOYMENT_TARGET = 4.0;
			};
			name = Debug;
		};
		7276A2E91F452ABD00546586 /* Release */ = {
			isa = XCBuildConfiguration;
			buildSettings = {
				ASSETCATALOG_COMPILER_APPICON_NAME = AppIcon;
				CODE_SIGN_STYLE = Automatic;
				IBSC_MODULE = wa2_Extension;
				INFOPLIST_FILE = wa2/Info.plist;
				PRODUCT_BUNDLE_IDENTIFIER = testLisa.HLT.SW.watchkitapp;
				PRODUCT_NAME = "$(TARGET_NAME)";
				SDKROOT = watchos;
				SKIP_INSTALL = YES;
				TARGETED_DEVICE_FAMILY = 4;
				WATCHOS_DEPLOYMENT_TARGET = 4.0;
			};
			name = Release;
		};
		7276A2EA1F452ABD00546586 /* Debug */ = {
			isa = XCBuildConfiguration;
			buildSettings = {
				ASSETCATALOG_COMPILER_COMPLICATION_NAME = Complication;
				CODE_SIGN_STYLE = Automatic;
				INFOPLIST_FILE = "wa2 Extension/Info.plist";
				LD_RUNPATH_SEARCH_PATHS = "$(inherited) @executable_path/Frameworks @executable_path/../../Frameworks";
				PRODUCT_BUNDLE_IDENTIFIER = testLisa.HLT.SW.watchkitapp.watchkitextension;
				PRODUCT_NAME = "${TARGET_NAME}";
				SDKROOT = watchos;
				SKIP_INSTALL = YES;
				TARGETED_DEVICE_FAMILY = 4;
				WATCHOS_DEPLOYMENT_TARGET = 4.0;
			};
			name = Debug;
		};
		7276A2EB1F452ABD00546586 /* Release */ = {
			isa = XCBuildConfiguration;
			buildSettings = {
				ASSETCATALOG_COMPILER_COMPLICATION_NAME = Complication;
				CODE_SIGN_STYLE = Automatic;
				INFOPLIST_FILE = "wa2 Extension/Info.plist";
				LD_RUNPATH_SEARCH_PATHS = "$(inherited) @executable_path/Frameworks @executable_path/../../Frameworks";
				PRODUCT_BUNDLE_IDENTIFIER = testLisa.HLT.SW.watchkitapp.watchkitextension;
				PRODUCT_NAME = "${TARGET_NAME}";
				SDKROOT = watchos;
				SKIP_INSTALL = YES;
				TARGETED_DEVICE_FAMILY = 4;
				WATCHOS_DEPLOYMENT_TARGET = 4.0;
			};
			name = Release;
		};
		72B0F9A11F3E379500B009C3 /* Debug */ = {
			isa = XCBuildConfiguration;
			buildSettings = {
				ALWAYS_SEARCH_USER_PATHS = NO;
				CLANG_ANALYZER_NONNULL = YES;
				CLANG_ANALYZER_NUMBER_OBJECT_CONVERSION = YES_AGGRESSIVE;
				CLANG_CXX_LANGUAGE_STANDARD = "gnu++14";
				CLANG_CXX_LIBRARY = "libc++";
				CLANG_ENABLE_MODULES = YES;
				CLANG_ENABLE_OBJC_ARC = YES;
				CLANG_WARN_BLOCK_CAPTURE_AUTORELEASING = YES;
				CLANG_WARN_BOOL_CONVERSION = YES;
				CLANG_WARN_COMMA = YES;
				CLANG_WARN_CONSTANT_CONVERSION = YES;
				CLANG_WARN_DIRECT_OBJC_ISA_USAGE = YES_ERROR;
				CLANG_WARN_DOCUMENTATION_COMMENTS = YES;
				CLANG_WARN_EMPTY_BODY = YES;
				CLANG_WARN_ENUM_CONVERSION = YES;
				CLANG_WARN_INFINITE_RECURSION = YES;
				CLANG_WARN_INT_CONVERSION = YES;
				CLANG_WARN_NON_LITERAL_NULL_CONVERSION = YES;
				CLANG_WARN_OBJC_LITERAL_CONVERSION = YES;
				CLANG_WARN_OBJC_ROOT_CLASS = YES_ERROR;
				CLANG_WARN_RANGE_LOOP_ANALYSIS = YES;
				CLANG_WARN_STRICT_PROTOTYPES = YES;
				CLANG_WARN_SUSPICIOUS_MOVE = YES;
				CLANG_WARN_UNGUARDED_AVAILABILITY = YES_AGGRESSIVE;
				CLANG_WARN_UNREACHABLE_CODE = YES;
				CLANG_WARN__DUPLICATE_METHOD_MATCH = YES;
				CODE_SIGN_IDENTITY = "iPhone Developer";
				COPY_PHASE_STRIP = NO;
				DEBUG_INFORMATION_FORMAT = dwarf;
				ENABLE_STRICT_OBJC_MSGSEND = YES;
				ENABLE_TESTABILITY = YES;
				GCC_C_LANGUAGE_STANDARD = gnu11;
				GCC_DYNAMIC_NO_PIC = NO;
				GCC_NO_COMMON_BLOCKS = YES;
				GCC_OPTIMIZATION_LEVEL = 0;
				GCC_PREPROCESSOR_DEFINITIONS = (
					"DEBUG=1",
					"$(inherited)",
				);
				GCC_WARN_64_TO_32_BIT_CONVERSION = YES;
				GCC_WARN_ABOUT_RETURN_TYPE = YES_ERROR;
				GCC_WARN_UNDECLARED_SELECTOR = YES;
				GCC_WARN_UNINITIALIZED_AUTOS = YES_AGGRESSIVE;
				GCC_WARN_UNUSED_FUNCTION = YES;
				GCC_WARN_UNUSED_VARIABLE = YES;
				IPHONEOS_DEPLOYMENT_TARGET = 11.0;
				MTL_ENABLE_DEBUG_INFO = YES;
				ONLY_ACTIVE_ARCH = YES;
				SDKROOT = iphoneos;
			};
			name = Debug;
		};
		72B0F9A21F3E379500B009C3 /* Release */ = {
			isa = XCBuildConfiguration;
			buildSettings = {
				ALWAYS_SEARCH_USER_PATHS = NO;
				CLANG_ANALYZER_NONNULL = YES;
				CLANG_ANALYZER_NUMBER_OBJECT_CONVERSION = YES_AGGRESSIVE;
				CLANG_CXX_LANGUAGE_STANDARD = "gnu++14";
				CLANG_CXX_LIBRARY = "libc++";
				CLANG_ENABLE_MODULES = YES;
				CLANG_ENABLE_OBJC_ARC = YES;
				CLANG_WARN_BLOCK_CAPTURE_AUTORELEASING = YES;
				CLANG_WARN_BOOL_CONVERSION = YES;
				CLANG_WARN_COMMA = YES;
				CLANG_WARN_CONSTANT_CONVERSION = YES;
				CLANG_WARN_DIRECT_OBJC_ISA_USAGE = YES_ERROR;
				CLANG_WARN_DOCUMENTATION_COMMENTS = YES;
				CLANG_WARN_EMPTY_BODY = YES;
				CLANG_WARN_ENUM_CONVERSION = YES;
				CLANG_WARN_INFINITE_RECURSION = YES;
				CLANG_WARN_INT_CONVERSION = YES;
				CLANG_WARN_NON_LITERAL_NULL_CONVERSION = YES;
				CLANG_WARN_OBJC_LITERAL_CONVERSION = YES;
				CLANG_WARN_OBJC_ROOT_CLASS = YES_ERROR;
				CLANG_WARN_RANGE_LOOP_ANALYSIS = YES;
				CLANG_WARN_STRICT_PROTOTYPES = YES;
				CLANG_WARN_SUSPICIOUS_MOVE = YES;
				CLANG_WARN_UNGUARDED_AVAILABILITY = YES_AGGRESSIVE;
				CLANG_WARN_UNREACHABLE_CODE = YES;
				CLANG_WARN__DUPLICATE_METHOD_MATCH = YES;
				CODE_SIGN_IDENTITY = "iPhone Developer";
				COPY_PHASE_STRIP = NO;
				DEBUG_INFORMATION_FORMAT = "dwarf-with-dsym";
				ENABLE_NS_ASSERTIONS = NO;
				ENABLE_STRICT_OBJC_MSGSEND = YES;
				GCC_C_LANGUAGE_STANDARD = gnu11;
				GCC_NO_COMMON_BLOCKS = YES;
				GCC_WARN_64_TO_32_BIT_CONVERSION = YES;
				GCC_WARN_ABOUT_RETURN_TYPE = YES_ERROR;
				GCC_WARN_UNDECLARED_SELECTOR = YES;
				GCC_WARN_UNINITIALIZED_AUTOS = YES_AGGRESSIVE;
				GCC_WARN_UNUSED_FUNCTION = YES;
				GCC_WARN_UNUSED_VARIABLE = YES;
				IPHONEOS_DEPLOYMENT_TARGET = 11.0;
				MTL_ENABLE_DEBUG_INFO = NO;
				SDKROOT = iphoneos;
				VALIDATE_PRODUCT = YES;
			};
			name = Release;
		};
		72B0F9A41F3E379500B009C3 /* Debug */ = {
			isa = XCBuildConfiguration;
			buildSettings = {
				ASSETCATALOG_COMPILER_APPICON_NAME = AppIcon;
				CODE_SIGN_STYLE = Automatic;
				INFOPLIST_FILE = SW/Info.plist;
				IPHONEOS_DEPLOYMENT_TARGET = 10.0;
				LD_RUNPATH_SEARCH_PATHS = "$(inherited) @executable_path/Frameworks";
				PRODUCT_BUNDLE_IDENTIFIER = testLisa.HLT.SW;
				PRODUCT_NAME = "$(TARGET_NAME)";
				TARGETED_DEVICE_FAMILY = "1,2";
			};
			name = Debug;
		};
		72B0F9A51F3E379500B009C3 /* Release */ = {
			isa = XCBuildConfiguration;
			buildSettings = {
				ASSETCATALOG_COMPILER_APPICON_NAME = AppIcon;
				CODE_SIGN_STYLE = Automatic;
				INFOPLIST_FILE = SW/Info.plist;
				IPHONEOS_DEPLOYMENT_TARGET = 10.0;
				LD_RUNPATH_SEARCH_PATHS = "$(inherited) @executable_path/Frameworks";
				PRODUCT_BUNDLE_IDENTIFIER = testLisa.HLT.SW;
				PRODUCT_NAME = "$(TARGET_NAME)";
				TARGETED_DEVICE_FAMILY = "1,2";
			};
			name = Release;
		};
		72B0F9A71F3E379500B009C3 /* Debug */ = {
			isa = XCBuildConfiguration;
			buildSettings = {
				BUNDLE_LOADER = "$(TEST_HOST)";
				CODE_SIGN_STYLE = Automatic;
				INFOPLIST_FILE = SWTests/Info.plist;
				LD_RUNPATH_SEARCH_PATHS = "$(inherited) @executable_path/Frameworks @loader_path/Frameworks";
				PRODUCT_BUNDLE_IDENTIFIER = testLisa.HLT.SWTests;
				PRODUCT_NAME = "$(TARGET_NAME)";
				TARGETED_DEVICE_FAMILY = "1,2";
				TEST_HOST = "$(BUILT_PRODUCTS_DIR)/SW.app/SW";
			};
			name = Debug;
		};
		72B0F9A81F3E379500B009C3 /* Release */ = {
			isa = XCBuildConfiguration;
			buildSettings = {
				BUNDLE_LOADER = "$(TEST_HOST)";
				CODE_SIGN_STYLE = Automatic;
				INFOPLIST_FILE = SWTests/Info.plist;
				LD_RUNPATH_SEARCH_PATHS = "$(inherited) @executable_path/Frameworks @loader_path/Frameworks";
				PRODUCT_BUNDLE_IDENTIFIER = testLisa.HLT.SWTests;
				PRODUCT_NAME = "$(TARGET_NAME)";
				TARGETED_DEVICE_FAMILY = "1,2";
				TEST_HOST = "$(BUILT_PRODUCTS_DIR)/SW.app/SW";
			};
			name = Release;
		};
		72B0F9AA1F3E379500B009C3 /* Debug */ = {
			isa = XCBuildConfiguration;
			buildSettings = {
				CODE_SIGN_STYLE = Automatic;
				INFOPLIST_FILE = SWUITests/Info.plist;
				LD_RUNPATH_SEARCH_PATHS = "$(inherited) @executable_path/Frameworks @loader_path/Frameworks";
				PRODUCT_BUNDLE_IDENTIFIER = testLisa.HLT.SWUITests;
				PRODUCT_NAME = "$(TARGET_NAME)";
				TARGETED_DEVICE_FAMILY = "1,2";
				TEST_TARGET_NAME = SW;
			};
			name = Debug;
		};
		72B0F9AB1F3E379500B009C3 /* Release */ = {
			isa = XCBuildConfiguration;
			buildSettings = {
				CODE_SIGN_STYLE = Automatic;
				INFOPLIST_FILE = SWUITests/Info.plist;
				LD_RUNPATH_SEARCH_PATHS = "$(inherited) @executable_path/Frameworks @loader_path/Frameworks";
				PRODUCT_BUNDLE_IDENTIFIER = testLisa.HLT.SWUITests;
				PRODUCT_NAME = "$(TARGET_NAME)";
				TARGETED_DEVICE_FAMILY = "1,2";
				TEST_TARGET_NAME = SW;
			};
			name = Release;
		};
/* End XCBuildConfiguration section */

/* Begin XCConfigurationList section */
		7276A2EC1F452ABD00546586 /* Build configuration list for PBXNativeTarget "wa2 Extension" */ = {
			isa = XCConfigurationList;
			buildConfigurations = (
				7276A2EA1F452ABD00546586 /* Debug */,
				7276A2EB1F452ABD00546586 /* Release */,
			);
			defaultConfigurationIsVisible = 0;
			defaultConfigurationName = Release;
		};
		7276A2EE1F452ABD00546586 /* Build configuration list for PBXNativeTarget "wa2" */ = {
			isa = XCConfigurationList;
			buildConfigurations = (
				7276A2E81F452ABD00546586 /* Debug */,
				7276A2E91F452ABD00546586 /* Release */,
			);
			defaultConfigurationIsVisible = 0;
			defaultConfigurationName = Release;
		};
		72B0F96F1F3E379400B009C3 /* Build configuration list for PBXProject "SW" */ = {
			isa = XCConfigurationList;
			buildConfigurations = (
				72B0F9A11F3E379500B009C3 /* Debug */,
				72B0F9A21F3E379500B009C3 /* Release */,
			);
			defaultConfigurationIsVisible = 0;
			defaultConfigurationName = Release;
		};
		72B0F9A31F3E379500B009C3 /* Build configuration list for PBXNativeTarget "SW" */ = {
			isa = XCConfigurationList;
			buildConfigurations = (
				72B0F9A41F3E379500B009C3 /* Debug */,
				72B0F9A51F3E379500B009C3 /* Release */,
			);
			defaultConfigurationIsVisible = 0;
			defaultConfigurationName = Release;
		};
		72B0F9A61F3E379500B009C3 /* Build configuration list for PBXNativeTarget "SWTests" */ = {
			isa = XCConfigurationList;
			buildConfigurations = (
				72B0F9A71F3E379500B009C3 /* Debug */,
				72B0F9A81F3E379500B009C3 /* Release */,
			);
			defaultConfigurationIsVisible = 0;
			defaultConfigurationName = Release;
		};
		72B0F9A91F3E379500B009C3 /* Build configuration list for PBXNativeTarget "SWUITests" */ = {
			isa = XCConfigurationList;
			buildConfigurations = (
				72B0F9AA1F3E379500B009C3 /* Debug */,
				72B0F9AB1F3E379500B009C3 /* Release */,
			);
			defaultConfigurationIsVisible = 0;
			defaultConfigurationName = Release;
		};
/* End XCConfigurationList section */
	};
	rootObject = 72B0F96C1F3E379400B009C3 /* Project object */;
}
